
Microsoft Visual Studio Solution File, Format Version 12.00
# Visual Studio Version 16
VisualStudioVersion = 16.0.30225.117
MinimumVisualStudioVersion = 10.0.40219.1
Project("{2150E333-8FDC-42A3-9474-1A3956D46DE8}") = "Rectangles", "Rectangles", "{3C84125F-73C5-4411-A15F-6C57344B3413}"
EndProject
Project("{2150E333-8FDC-42A3-9474-1A3956D46DE8}") = "Multiples", "Multiples", "{8188FC18-7211-4B13-9FDD-E13074D62F6D}"
EndProject
Project("{9A19103F-16F7-4668-BE54-9A1E7A4F7556}") = "Multiples.Core", "Multiples\src\Multiples.Core\Multiples.Core.csproj", "{E28947C7-C4C9-4D8A-8A63-6E844E00BE19}"
EndProject
Project("{9A19103F-16F7-4668-BE54-9A1E7A4F7556}") = "Multiples.Core.Tests", "Multiples\src\Multiples.Core.Tests\Multiples.Core.Tests.csproj", "{C6DC0910-CD5D-4EAF-BF9D-1D1531B5D538}"
EndProject
Project("{9A19103F-16F7-4668-BE54-9A1E7A4F7556}") = "Multiples.UI", "Multiples\src\Multiples.UI\Multiples.UI.csproj", "{57B7100A-7BBD-4D44-96BA-4D77D752C295}"
EndProject
Project("{2150E333-8FDC-42A3-9474-1A3956D46DE8}") = "src", "src", "{C3CA7CAA-D887-4BA9-A004-C00CBDDE1C7C}"
	ProjectSection(SolutionItems) = preProject
		Multiples\src\Multiples of 2, 3 and 5.docx = Multiples\src\Multiples of 2, 3 and 5.docx
	EndProjectSection
EndProject
Project("{2150E333-8FDC-42A3-9474-1A3956D46DE8}") = "src", "src", "{16FAA6A8-5BDF-4F38-8BE6-C3C837F61D10}"
EndProject
Project("{8BC9CEB8-8B4A-11D0-8D11-00A0C91BC942}") = "Rectangles.UI", "Rectangles\src\Rectangles.UI\Rectangles.UI.vcxproj", "{FC9D4511-0840-4457-8BF0-F827798C4C9A}"
EndProject
Project("{8BC9CEB8-8B4A-11D0-8D11-00A0C91BC942}") = "Rectangles.Core", "Rectangles\src\Rectangles.Core\Rectangles.Core.vcxproj", "{35953458-7BBB-486B-A779-81B922413476}"
EndProject
Project("{8BC9CEB8-8B4A-11D0-8D11-00A0C91BC942}") = "Rectangles.Core.Test", "Rectangles\src\Rectangles.Core.Test\Rectangles.Core.Test.vcxproj", "{C188EB86-467F-459E-9917-51C6ED8B2140}"
EndProject
Global
	GlobalSection(SolutionConfigurationPlatforms) = preSolution
		Debug|Any CPU = Debug|Any CPU
		Debug|x64 = Debug|x64
		Debug|x86 = Debug|x86
		Release|Any CPU = Release|Any CPU
		Release|x64 = Release|x64
		Release|x86 = Release|x86
	EndGlobalSection
	GlobalSection(ProjectConfigurationPlatforms) = postSolution
		{E28947C7-C4C9-4D8A-8A63-6E844E00BE19}.Debug|Any CPU.ActiveCfg = Debug|Any CPU
		{E28947C7-C4C9-4D8A-8A63-6E844E00BE19}.Debug|Any CPU.Build.0 = Debug|Any CPU
		{E28947C7-C4C9-4D8A-8A63-6E844E00BE19}.Debug|x64.ActiveCfg = Debug|Any CPU
		{E28947C7-C4C9-4D8A-8A63-6E844E00BE19}.Debug|x64.Build.0 = Debug|Any CPU
		{E28947C7-C4C9-4D8A-8A63-6E844E00BE19}.Debug|x86.ActiveCfg = Debug|Any CPU
		{E28947C7-C4C9-4D8A-8A63-6E844E00BE19}.Debug|x86.Build.0 = Debug|Any CPU
		{E28947C7-C4C9-4D8A-8A63-6E844E00BE19}.Release|Any CPU.ActiveCfg = Release|Any CPU
		{E28947C7-C4C9-4D8A-8A63-6E844E00BE19}.Release|Any CPU.Build.0 = Release|Any CPU
		{E28947C7-C4C9-4D8A-8A63-6E844E00BE19}.Release|x64.ActiveCfg = Release|Any CPU
		{E28947C7-C4C9-4D8A-8A63-6E844E00BE19}.Release|x64.Build.0 = Release|Any CPU
		{E28947C7-C4C9-4D8A-8A63-6E844E00BE19}.Release|x86.ActiveCfg = Release|Any CPU
		{E28947C7-C4C9-4D8A-8A63-6E844E00BE19}.Release|x86.Build.0 = Release|Any CPU
		{C6DC0910-CD5D-4EAF-BF9D-1D1531B5D538}.Debug|Any CPU.ActiveCfg = Debug|Any CPU
		{C6DC0910-CD5D-4EAF-BF9D-1D1531B5D538}.Debug|Any CPU.Build.0 = Debug|Any CPU
		{C6DC0910-CD5D-4EAF-BF9D-1D1531B5D538}.Debug|x64.ActiveCfg = Debug|Any CPU
		{C6DC0910-CD5D-4EAF-BF9D-1D1531B5D538}.Debug|x64.Build.0 = Debug|Any CPU
		{C6DC0910-CD5D-4EAF-BF9D-1D1531B5D538}.Debug|x86.ActiveCfg = Debug|Any CPU
		{C6DC0910-CD5D-4EAF-BF9D-1D1531B5D538}.Debug|x86.Build.0 = Debug|Any CPU
		{C6DC0910-CD5D-4EAF-BF9D-1D1531B5D538}.Release|Any CPU.ActiveCfg = Release|Any CPU
		{C6DC0910-CD5D-4EAF-BF9D-1D1531B5D538}.Release|Any CPU.Build.0 = Release|Any CPU
		{C6DC0910-CD5D-4EAF-BF9D-1D1531B5D538}.Release|x64.ActiveCfg = Release|Any CPU
		{C6DC0910-CD5D-4EAF-BF9D-1D1531B5D538}.Release|x64.Build.0 = Release|Any CPU
		{C6DC0910-CD5D-4EAF-BF9D-1D1531B5D538}.Release|x86.ActiveCfg = Release|Any CPU
		{C6DC0910-CD5D-4EAF-BF9D-1D1531B5D538}.Release|x86.Build.0 = Release|Any CPU
		{57B7100A-7BBD-4D44-96BA-4D77D752C295}.Debug|Any CPU.ActiveCfg = Debug|Any CPU
		{57B7100A-7BBD-4D44-96BA-4D77D752C295}.Debug|Any CPU.Build.0 = Debug|Any CPU
		{57B7100A-7BBD-4D44-96BA-4D77D752C295}.Debug|x64.ActiveCfg = Debug|Any CPU
		{57B7100A-7BBD-4D44-96BA-4D77D752C295}.Debug|x64.Build.0 = Debug|Any CPU
		{57B7100A-7BBD-4D44-96BA-4D77D752C295}.Debug|x86.ActiveCfg = Debug|Any CPU
		{57B7100A-7BBD-4D44-96BA-4D77D752C295}.Debug|x86.Build.0 = Debug|Any CPU
		{57B7100A-7BBD-4D44-96BA-4D77D752C295}.Release|Any CPU.ActiveCfg = Release|Any CPU
		{57B7100A-7BBD-4D44-96BA-4D77D752C295}.Release|Any CPU.Build.0 = Release|Any CPU
		{57B7100A-7BBD-4D44-96BA-4D77D752C295}.Release|x64.ActiveCfg = Release|Any CPU
		{57B7100A-7BBD-4D44-96BA-4D77D752C295}.Release|x64.Build.0 = Release|Any CPU
		{57B7100A-7BBD-4D44-96BA-4D77D752C295}.Release|x86.ActiveCfg = Release|Any CPU
		{57B7100A-7BBD-4D44-96BA-4D77D752C295}.Release|x86.Build.0 = Release|Any CPU
		{FC9D4511-0840-4457-8BF0-F827798C4C9A}.Debug|Any CPU.ActiveCfg = Debug|Win32
		{FC9D4511-0840-4457-8BF0-F827798C4C9A}.Debug|Any CPU.Build.0 = Debug|Win32
		{FC9D4511-0840-4457-8BF0-F827798C4C9A}.Debug|x64.ActiveCfg = Debug|x64
		{FC9D4511-0840-4457-8BF0-F827798C4C9A}.Debug|x64.Build.0 = Debug|x64
		{FC9D4511-0840-4457-8BF0-F827798C4C9A}.Debug|x86.ActiveCfg = Debug|Win32
		{FC9D4511-0840-4457-8BF0-F827798C4C9A}.Debug|x86.Build.0 = Debug|Win32
		{FC9D4511-0840-4457-8BF0-F827798C4C9A}.Release|Any CPU.ActiveCfg = Release|Win32
		{FC9D4511-0840-4457-8BF0-F827798C4C9A}.Release|x64.ActiveCfg = Release|x64
		{FC9D4511-0840-4457-8BF0-F827798C4C9A}.Release|x64.Build.0 = Release|x64
		{FC9D4511-0840-4457-8BF0-F827798C4C9A}.Release|x86.ActiveCfg = Release|Win32
		{FC9D4511-0840-4457-8BF0-F827798C4C9A}.Release|x86.Build.0 = Release|Win32
		{35953458-7BBB-486B-A779-81B922413476}.Debug|Any CPU.ActiveCfg = Debug|Win32
		{35953458-7BBB-486B-A779-81B922413476}.Debug|Any CPU.Build.0 = Debug|Win32
		{35953458-7BBB-486B-A779-81B922413476}.Debug|x64.ActiveCfg = Debug|x64
		{35953458-7BBB-486B-A779-81B922413476}.Debug|x64.Build.0 = Debug|x64
		{35953458-7BBB-486B-A779-81B922413476}.Debug|x86.ActiveCfg = Debug|Win32
		{35953458-7BBB-486B-A779-81B922413476}.Debug|x86.Build.0 = Debug|Win32
		{35953458-7BBB-486B-A779-81B922413476}.Release|Any CPU.ActiveCfg = Release|Win32
		{35953458-7BBB-486B-A779-81B922413476}.Release|x64.ActiveCfg = Release|x64
		{35953458-7BBB-486B-A779-81B922413476}.Release|x64.Build.0 = Release|x64
		{35953458-7BBB-486B-A779-81B922413476}.Release|x86.ActiveCfg = Release|Win32
		{35953458-7BBB-486B-A779-81B922413476}.Release|x86.Build.0 = Release|Win32
		{C188EB86-467F-459E-9917-51C6ED8B2140}.Debug|Any CPU.ActiveCfg = Debug|Win32
		{C188EB86-467F-459E-9917-51C6ED8B2140}.Debug|Any CPU.Build.0 = Debug|Win32
		{C188EB86-467F-459E-9917-51C6ED8B2140}.Debug|x64.ActiveCfg = Debug|x64
		{C188EB86-467F-459E-9917-51C6ED8B2140}.Debug|x64.Build.0 = Debug|x64
		{C188EB86-467F-459E-9917-51C6ED8B2140}.Debug|x86.ActiveCfg = Debug|Win32
		{C188EB86-467F-459E-9917-51C6ED8B2140}.Debug|x86.Build.0 = Debug|Win32
		{C188EB86-467F-459E-9917-51C6ED8B2140}.Release|Any CPU.ActiveCfg = Release|Win32
		{C188EB86-467F-459E-9917-51C6ED8B2140}.Release|x64.ActiveCfg = Release|x64
		{C188EB86-467F-459E-9917-51C6ED8B2140}.Release|x64.Build.0 = Release|x64
		{C188EB86-467F-459E-9917-51C6ED8B2140}.Release|x86.ActiveCfg = Release|Win32
		{C188EB86-467F-459E-9917-51C6ED8B2140}.Release|x86.Build.0 = Release|Win32
	EndGlobalSection
	GlobalSection(SolutionProperties) = preSolution
		HideSolutionNode = FALSE
	EndGlobalSection
	GlobalSection(NestedProjects) = preSolution
		{E28947C7-C4C9-4D8A-8A63-6E844E00BE19} = {C3CA7CAA-D887-4BA9-A004-C00CBDDE1C7C}
		{C6DC0910-CD5D-4EAF-BF9D-1D1531B5D538} = {C3CA7CAA-D887-4BA9-A004-C00CBDDE1C7C}
		{57B7100A-7BBD-4D44-96BA-4D77D752C295} = {C3CA7CAA-D887-4BA9-A004-C00CBDDE1C7C}
		{C3CA7CAA-D887-4BA9-A004-C00CBDDE1C7C} = {8188FC18-7211-4B13-9FDD-E13074D62F6D}
		{16FAA6A8-5BDF-4F38-8BE6-C3C837F61D10} = {3C84125F-73C5-4411-A15F-6C57344B3413}
		{FC9D4511-0840-4457-8BF0-F827798C4C9A} = {16FAA6A8-5BDF-4F38-8BE6-C3C837F61D10}
		{35953458-7BBB-486B-A779-81B922413476} = {16FAA6A8-5BDF-4F38-8BE6-C3C837F61D10}
		{C188EB86-467F-459E-9917-51C6ED8B2140} = {16FAA6A8-5BDF-4F38-8BE6-C3C837F61D10}
	EndGlobalSection
	GlobalSection(ExtensibilityGlobals) = postSolution
		SolutionGuid = {657EA421-EE34-45AF-9307-295A41653206}
	EndGlobalSection
EndGlobal
